
Microsoft Visual Studio Solution File, Format Version 12.00
# Visual Studio 14
VisualStudioVersion = 14.0.25420.1
MinimumVisualStudioVersion = 10.0.40219.1
Project("{2150E333-8FDC-42A3-9474-1A3956D46DE8}") = "src", "src", "{F59991EE-28D7-4388-BB72-9015985B45FD}"
EndProject
Project("{2150E333-8FDC-42A3-9474-1A3956D46DE8}") = "Solution Items", "Solution Items", "{76227800-AD9B-4DAA-A3AF-AA079E97EBE8}"
	ProjectSection(SolutionItems) = preProject
		global.json = global.json
	EndProjectSection
EndProject
Project("{2150E333-8FDC-42A3-9474-1A3956D46DE8}") = "App", "App", "{48C310A5-9196-4F58-BC09-B28367ED76F4}"
EndProject
Project("{2150E333-8FDC-42A3-9474-1A3956D46DE8}") = "Core", "Core", "{DDCA8E79-F307-40FA-B26C-31012DD648D9}"
EndProject
Project("{2150E333-8FDC-42A3-9474-1A3956D46DE8}") = "Infrastructure", "Infrastructure", "{1C45A422-21E7-4D93-A736-6D6E48444793}"
EndProject
Project("{2150E333-8FDC-42A3-9474-1A3956D46DE8}") = "Web", "Web", "{972C1D5A-6D94-4977-BB00-21DF021F772B}"
EndProject
Project("{8BB2217D-0F2D-49D1-97BC-3654ED321F3B}") = "DDD.Core", "src\DDD.Core\DDD.Core.xproj", "{5557AD48-EB7F-4CB2-9182-DD8449103B6C}"
EndProject
Project("{8BB2217D-0F2D-49D1-97BC-3654ED321F3B}") = "DDD.Core.Domain", "src\DDD.Core.Domain\DDD.Core.Domain.xproj", "{2F3A009C-4112-4B46-8D3A-9119AADF6660}"
EndProject
Project("{8BB2217D-0F2D-49D1-97BC-3654ED321F3B}") = "DDD.Core.Cqs", "src\DDD.Core.Cqs\DDD.Core.Cqs.xproj", "{B99425C9-5691-4EE5-971B-B0E536DF44EF}"
EndProject
Project("{8BB2217D-0F2D-49D1-97BC-3654ED321F3B}") = "DDD.Domain", "src\DDD.Domain\DDD.Domain.xproj", "{7240D419-22AD-4EEC-9E87-E2858B35D775}"
EndProject
Project("{8BB2217D-0F2D-49D1-97BC-3654ED321F3B}") = "DDD.App.Cqs", "src\DDD.App.Cqs\DDD.App.Cqs.xproj", "{5C9EE6A4-9732-4C4F-B434-BD61974E575A}"
EndProject
Project("{8BB2217D-0F2D-49D1-97BC-3654ED321F3B}") = "DDD.Web.Api", "src\DDD.Web.Api\DDD.Web.Api.xproj", "{67CC9F66-900B-4BAD-965D-6142D8972515}"
EndProject
Project("{8BB2217D-0F2D-49D1-97BC-3654ED321F3B}") = "DDD.Infrastructure", "src\DDD.Infrastructure\DDD.Infrastructure.xproj", "{CF18FBB9-052E-4E8F-90DF-0DBBA501B3B8}"
EndProject
Project("{8BB2217D-0F2D-49D1-97BC-3654ED321F3B}") = "DDD.Infrastructure.Mongo", "src\DDD.Infrastructure.Mongo\DDD.Infrastructure.Mongo.xproj", "{2F45BE22-52B1-430F-8AB0-DE4ECDEC8543}"
EndProject
Project("{8BB2217D-0F2D-49D1-97BC-3654ED321F3B}") = "DDD.Logging.Mongo", "src\DDD.Logging.Mongo\DDD.Logging.Mongo.xproj", "{69CB75F2-63F3-4316-9822-2F8A4CF449BA}"
EndProject
Global
	GlobalSection(SolutionConfigurationPlatforms) = preSolution
		Debug|Any CPU = Debug|Any CPU
		Release|Any CPU = Release|Any CPU
	EndGlobalSection
	GlobalSection(ProjectConfigurationPlatforms) = postSolution
		{5557AD48-EB7F-4CB2-9182-DD8449103B6C}.Debug|Any CPU.ActiveCfg = Debug|Any CPU
		{5557AD48-EB7F-4CB2-9182-DD8449103B6C}.Debug|Any CPU.Build.0 = Debug|Any CPU
		{5557AD48-EB7F-4CB2-9182-DD8449103B6C}.Release|Any CPU.ActiveCfg = Release|Any CPU
		{5557AD48-EB7F-4CB2-9182-DD8449103B6C}.Release|Any CPU.Build.0 = Release|Any CPU
		{2F3A009C-4112-4B46-8D3A-9119AADF6660}.Debug|Any CPU.ActiveCfg = Debug|Any CPU
		{2F3A009C-4112-4B46-8D3A-9119AADF6660}.Debug|Any CPU.Build.0 = Debug|Any CPU
		{2F3A009C-4112-4B46-8D3A-9119AADF6660}.Release|Any CPU.ActiveCfg = Release|Any CPU
		{2F3A009C-4112-4B46-8D3A-9119AADF6660}.Release|Any CPU.Build.0 = Release|Any CPU
		{B99425C9-5691-4EE5-971B-B0E536DF44EF}.Debug|Any CPU.ActiveCfg = Debug|Any CPU
		{B99425C9-5691-4EE5-971B-B0E536DF44EF}.Debug|Any CPU.Build.0 = Debug|Any CPU
		{B99425C9-5691-4EE5-971B-B0E536DF44EF}.Release|Any CPU.ActiveCfg = Release|Any CPU
		{B99425C9-5691-4EE5-971B-B0E536DF44EF}.Release|Any CPU.Build.0 = Release|Any CPU
		{7240D419-22AD-4EEC-9E87-E2858B35D775}.Debug|Any CPU.ActiveCfg = Debug|Any CPU
		{7240D419-22AD-4EEC-9E87-E2858B35D775}.Debug|Any CPU.Build.0 = Debug|Any CPU
		{7240D419-22AD-4EEC-9E87-E2858B35D775}.Release|Any CPU.ActiveCfg = Release|Any CPU
		{7240D419-22AD-4EEC-9E87-E2858B35D775}.Release|Any CPU.Build.0 = Release|Any CPU
		{5C9EE6A4-9732-4C4F-B434-BD61974E575A}.Debug|Any CPU.ActiveCfg = Debug|Any CPU
		{5C9EE6A4-9732-4C4F-B434-BD61974E575A}.Debug|Any CPU.Build.0 = Debug|Any CPU
		{5C9EE6A4-9732-4C4F-B434-BD61974E575A}.Release|Any CPU.ActiveCfg = Release|Any CPU
		{5C9EE6A4-9732-4C4F-B434-BD61974E575A}.Release|Any CPU.Build.0 = Release|Any CPU
		{67CC9F66-900B-4BAD-965D-6142D8972515}.Debug|Any CPU.ActiveCfg = Debug|Any CPU
		{67CC9F66-900B-4BAD-965D-6142D8972515}.Debug|Any CPU.Build.0 = Debug|Any CPU
		{67CC9F66-900B-4BAD-965D-6142D8972515}.Release|Any CPU.ActiveCfg = Release|Any CPU
		{67CC9F66-900B-4BAD-965D-6142D8972515}.Release|Any CPU.Build.0 = Release|Any CPU
		{CF18FBB9-052E-4E8F-90DF-0DBBA501B3B8}.Debug|Any CPU.ActiveCfg = Debug|Any CPU
		{CF18FBB9-052E-4E8F-90DF-0DBBA501B3B8}.Debug|Any CPU.Build.0 = Debug|Any CPU
		{CF18FBB9-052E-4E8F-90DF-0DBBA501B3B8}.Release|Any CPU.ActiveCfg = Release|Any CPU
		{CF18FBB9-052E-4E8F-90DF-0DBBA501B3B8}.Release|Any CPU.Build.0 = Release|Any CPU
		{2F45BE22-52B1-430F-8AB0-DE4ECDEC8543}.Debug|Any CPU.ActiveCfg = Debug|Any CPU
		{2F45BE22-52B1-430F-8AB0-DE4ECDEC8543}.Debug|Any CPU.Build.0 = Debug|Any CPU
		{2F45BE22-52B1-430F-8AB0-DE4ECDEC8543}.Release|Any CPU.ActiveCfg = Release|Any CPU
		{2F45BE22-52B1-430F-8AB0-DE4ECDEC8543}.Release|Any CPU.Build.0 = Release|Any CPU
		{69CB75F2-63F3-4316-9822-2F8A4CF449BA}.Debug|Any CPU.ActiveCfg = Debug|Any CPU
		{69CB75F2-63F3-4316-9822-2F8A4CF449BA}.Debug|Any CPU.Build.0 = Debug|Any CPU
		{69CB75F2-63F3-4316-9822-2F8A4CF449BA}.Release|Any CPU.ActiveCfg = Release|Any CPU
		{69CB75F2-63F3-4316-9822-2F8A4CF449BA}.Release|Any CPU.Build.0 = Release|Any CPU
	EndGlobalSection
	GlobalSection(SolutionProperties) = preSolution
		HideSolutionNode = FALSE
	EndGlobalSection
	GlobalSection(NestedProjects) = preSolution
		{48C310A5-9196-4F58-BC09-B28367ED76F4} = {F59991EE-28D7-4388-BB72-9015985B45FD}
		{DDCA8E79-F307-40FA-B26C-31012DD648D9} = {F59991EE-28D7-4388-BB72-9015985B45FD}
		{1C45A422-21E7-4D93-A736-6D6E48444793} = {F59991EE-28D7-4388-BB72-9015985B45FD}
		{972C1D5A-6D94-4977-BB00-21DF021F772B} = {F59991EE-28D7-4388-BB72-9015985B45FD}
		{5557AD48-EB7F-4CB2-9182-DD8449103B6C} = {DDCA8E79-F307-40FA-B26C-31012DD648D9}
		{2F3A009C-4112-4B46-8D3A-9119AADF6660} = {DDCA8E79-F307-40FA-B26C-31012DD648D9}
		{B99425C9-5691-4EE5-971B-B0E536DF44EF} = {DDCA8E79-F307-40FA-B26C-31012DD648D9}
		{7240D419-22AD-4EEC-9E87-E2858B35D775} = {DDCA8E79-F307-40FA-B26C-31012DD648D9}
		{5C9EE6A4-9732-4C4F-B434-BD61974E575A} = {48C310A5-9196-4F58-BC09-B28367ED76F4}
		{67CC9F66-900B-4BAD-965D-6142D8972515} = {972C1D5A-6D94-4977-BB00-21DF021F772B}
		{CF18FBB9-052E-4E8F-90DF-0DBBA501B3B8} = {1C45A422-21E7-4D93-A736-6D6E48444793}
		{2F45BE22-52B1-430F-8AB0-DE4ECDEC8543} = {1C45A422-21E7-4D93-A736-6D6E48444793}
		{69CB75F2-63F3-4316-9822-2F8A4CF449BA} = {1C45A422-21E7-4D93-A736-6D6E48444793}
	EndGlobalSection
EndGlobal
